
Microsoft Visual Studio Solution File, Format Version 12.00
# Visual Studio Version 16
VisualStudioVersion = 16.0.30503.244
MinimumVisualStudioVersion = 10.0.40219.1
Project("{9A19103F-16F7-4668-BE54-9A1E7A4F7556}") = "MyLibrary.Program", "MyLibrary.Program\MyLibrary.Program.csproj", "{BC9F4270-0356-45B0-B8EF-5894EC7C4AAF}"
EndProject
Project("{9A19103F-16F7-4668-BE54-9A1E7A4F7556}") = "MyLibrary.Data", "MyLibrary.Data\MyLibrary.Data.csproj", "{142C2D7A-A9F0-48E5-89F3-5558C632D981}"
EndProject
Project("{9A19103F-16F7-4668-BE54-9A1E7A4F7556}") = "MyLibrary.Repository", "MyLibrary.Repository\MyLibrary.Repository.csproj", "{DD1C047F-8419-4DAA-B78B-9C9FE02B345B}"
EndProject
Project("{9A19103F-16F7-4668-BE54-9A1E7A4F7556}") = "MyLibrary.Logic", "MyLibrary.Logic\MyLibrary.Logic.csproj", "{10189869-D5D2-4A3F-9557-32A3B54A825A}"
EndProject
Project("{9A19103F-16F7-4668-BE54-9A1E7A4F7556}") = "MyLibrary.Logic.Tests", "MyLibrary.Logic.Tests\MyLibrary.Logic.Tests.csproj", "{ED78FE4B-A6C6-4BB1-9164-6924D4DF36F5}"
EndProject
Project("{9A19103F-16F7-4668-BE54-9A1E7A4F7556}") = "MyLibrary.Endpoint", "MyLibrary.Endpoint\MyLibrary.Endpoint.csproj", "{539C6A87-E72B-4664-8D49-761480E9CBEB}"
EndProject
Project("{9A19103F-16F7-4668-BE54-9A1E7A4F7556}") = "MyLibrary.WpfClient", "MyLibrary.WpfClient\MyLibrary.WpfClient.csproj", "{3C27C46D-F9CA-4C31-A2B4-5373CB8F2E3A}"
EndProject
Project("{FAE04EC0-301F-11D3-BF4B-00C04F79EFBC}") = "MyLibrary.JSClient", "MyLibrary.JSClient\MyLibrary.JSClient.csproj", "{B432A802-C222-46F3-A62A-E98B276423DA}"
EndProject
Global
	GlobalSection(SolutionConfigurationPlatforms) = preSolution
		Debug|Any CPU = Debug|Any CPU
		Release|Any CPU = Release|Any CPU
	EndGlobalSection
	GlobalSection(ProjectConfigurationPlatforms) = postSolution
		{BC9F4270-0356-45B0-B8EF-5894EC7C4AAF}.Debug|Any CPU.ActiveCfg = Debug|Any CPU
		{BC9F4270-0356-45B0-B8EF-5894EC7C4AAF}.Debug|Any CPU.Build.0 = Debug|Any CPU
		{BC9F4270-0356-45B0-B8EF-5894EC7C4AAF}.Release|Any CPU.ActiveCfg = Release|Any CPU
		{BC9F4270-0356-45B0-B8EF-5894EC7C4AAF}.Release|Any CPU.Build.0 = Release|Any CPU
		{142C2D7A-A9F0-48E5-89F3-5558C632D981}.Debug|Any CPU.ActiveCfg = Debug|Any CPU
		{142C2D7A-A9F0-48E5-89F3-5558C632D981}.Debug|Any CPU.Build.0 = Debug|Any CPU
		{142C2D7A-A9F0-48E5-89F3-5558C632D981}.Release|Any CPU.ActiveCfg = Release|Any CPU
		{142C2D7A-A9F0-48E5-89F3-5558C632D981}.Release|Any CPU.Build.0 = Release|Any CPU
		{DD1C047F-8419-4DAA-B78B-9C9FE02B345B}.Debug|Any CPU.ActiveCfg = Debug|Any CPU
		{DD1C047F-8419-4DAA-B78B-9C9FE02B345B}.Debug|Any CPU.Build.0 = Debug|Any CPU
		{DD1C047F-8419-4DAA-B78B-9C9FE02B345B}.Release|Any CPU.ActiveCfg = Release|Any CPU
		{DD1C047F-8419-4DAA-B78B-9C9FE02B345B}.Release|Any CPU.Build.0 = Release|Any CPU
		{10189869-D5D2-4A3F-9557-32A3B54A825A}.Debug|Any CPU.ActiveCfg = Debug|Any CPU
		{10189869-D5D2-4A3F-9557-32A3B54A825A}.Debug|Any CPU.Build.0 = Debug|Any CPU
		{10189869-D5D2-4A3F-9557-32A3B54A825A}.Release|Any CPU.ActiveCfg = Release|Any CPU
		{10189869-D5D2-4A3F-9557-32A3B54A825A}.Release|Any CPU.Build.0 = Release|Any CPU
		{ED78FE4B-A6C6-4BB1-9164-6924D4DF36F5}.Debug|Any CPU.ActiveCfg = Debug|Any CPU
		{ED78FE4B-A6C6-4BB1-9164-6924D4DF36F5}.Debug|Any CPU.Build.0 = Debug|Any CPU
		{ED78FE4B-A6C6-4BB1-9164-6924D4DF36F5}.Release|Any CPU.ActiveCfg = Release|Any CPU
		{ED78FE4B-A6C6-4BB1-9164-6924D4DF36F5}.Release|Any CPU.Build.0 = Release|Any CPU
		{539C6A87-E72B-4664-8D49-761480E9CBEB}.Debug|Any CPU.ActiveCfg = Debug|Any CPU
		{539C6A87-E72B-4664-8D49-761480E9CBEB}.Debug|Any CPU.Build.0 = Debug|Any CPU
		{539C6A87-E72B-4664-8D49-761480E9CBEB}.Release|Any CPU.ActiveCfg = Release|Any CPU
		{539C6A87-E72B-4664-8D49-761480E9CBEB}.Release|Any CPU.Build.0 = Release|Any CPU
		{3C27C46D-F9CA-4C31-A2B4-5373CB8F2E3A}.Debug|Any CPU.ActiveCfg = Debug|Any CPU
		{3C27C46D-F9CA-4C31-A2B4-5373CB8F2E3A}.Debug|Any CPU.Build.0 = Debug|Any CPU
		{3C27C46D-F9CA-4C31-A2B4-5373CB8F2E3A}.Release|Any CPU.ActiveCfg = Release|Any CPU
		{3C27C46D-F9CA-4C31-A2B4-5373CB8F2E3A}.Release|Any CPU.Build.0 = Release|Any CPU
		{B432A802-C222-46F3-A62A-E98B276423DA}.Debug|Any CPU.ActiveCfg = Debug|Any CPU
		{B432A802-C222-46F3-A62A-E98B276423DA}.Debug|Any CPU.Build.0 = Debug|Any CPU
		{B432A802-C222-46F3-A62A-E98B276423DA}.Release|Any CPU.ActiveCfg = Release|Any CPU
		{B432A802-C222-46F3-A62A-E98B276423DA}.Release|Any CPU.Build.0 = Release|Any CPU
	EndGlobalSection
	GlobalSection(SolutionProperties) = preSolution
		HideSolutionNode = FALSE
	EndGlobalSection
	GlobalSection(ExtensibilityGlobals) = postSolution
		SolutionGuid = {889C7AEE-F9F1-4C3A-A25E-F176C052B308}
	EndGlobalSection
EndGlobal
